# This file is automatically @generated by Poetry 1.6.1 and should not be changed by hand.

[[package]]
name = "sgp4"
version = "2.24"
description = "Track Earth satellites given TLE data, using up-to-date 2020 SGP4 routines."
optional = false
python-versions = "*"
files = [
    {file = "sgp4-2.24-cp310-cp310-macosx_10_9_universal2.whl", hash = "sha256:11c84e29891908d480dc008e9e5743720eed29ee00d6546a5851284b06d646af"},
    {file = "sgp4-2.24-cp310-cp310-macosx_10_9_x86_64.whl", hash = "sha256:af76b4803deedc023768a344eccf264ed34288d244223293dd79e4506475df61"},
    {file = "sgp4-2.24-cp310-cp310-macosx_11_0_arm64.whl", hash = "sha256:6a8b09424ac89701ff87cce707224fea35713c17de4c5ae3c2947e21933efe3d"},
    {file = "sgp4-2.24-cp310-cp310-manylinux_2_5_x86_64.manylinux1_x86_64.manylinux_2_17_x86_64.manylinux2014_x86_64.whl", hash = "sha256:9e7e17686f92b4da5b831265dc66f2e83583e638e5dfdaf0ba36fbcda6d0172e"},
    {file = "sgp4-2.24-cp310-cp310-win32.whl", hash = "sha256:c8113c329091f20e81eadf473f6db19454a4dc43538c80d3d5bc2023c428e06a"},
    {file = "sgp4-2.24-cp310-cp310-win_amd64.whl", hash = "sha256:a2b286ea18b46164c193e61d2bda74d9931593c072c794855cba35c15620925f"},
    {file = "sgp4-2.24-cp311-cp311-macosx_10_9_universal2.whl", hash = "sha256:b85ce3c0b4f9050c1e3702921e770518bc2a5c41941e66b052eaf7f6f90f744b"},
    {file = "sgp4-2.24-cp311-cp311-macosx_10_9_x86_64.whl", hash = "sha256:dc313d41a24783adcb31f4fbda034215d11cb56eadbf0dd262e760c6c1881692"},
    {file = "sgp4-2.24-cp311-cp311-macosx_11_0_arm64.whl", hash = "sha256:f4f5a84a9ddb1a434e55f2e23b0d80c3dc5feda7d1bdd77ee1c4cc1abd170010"},
    {file = "sgp4-2.24-cp311-cp311-manylinux_2_5_x86_64.manylinux1_x86_64.manylinux_2_17_x86_64.manylinux2014_x86_64.whl", hash = "sha256:14322850988af17d75715bfdb3fa9fe9266fc6e1afe6d43e0eff9860034cd67b"},
    {file = "sgp4-2.24-cp311-cp311-win32.whl", hash = "sha256:a6c5ebbbfd9ec7cc38d08aee6ec247d2ccaf31d71e3d262f5dd7a570b364170e"},
    {file = "sgp4-2.24-cp311-cp311-win_amd64.whl", hash = "sha256:784816ea55df243b22fde2aeef110d2084c4474f6a50d0ae6d5e35c7bd8466bf"},
    {file = "sgp4-2.24-cp312-cp312-macosx_10_13_universal2.whl", hash = "sha256:4ff1958f3380c120d2e89f92fb9182b9c5295ebb2eb79994855e7e1857973af4"},
    {file = "sgp4-2.24-cp312-cp312-macosx_10_13_x86_64.whl", hash = "sha256:d7a20f62429c7dc11f6bcef93fe5f04d6c97f214c418382056ef117b8250ab02"},
    {file = "sgp4-2.24-cp312-cp312-macosx_11_0_arm64.whl", hash = "sha256:3315a3ef0a89de9d1a89da3a623130951856791c3284edb64bbda979d45c53e8"},
    {file = "sgp4-2.24-cp312-cp312-manylinux_2_5_x86_64.manylinux1_x86_64.manylinux_2_17_x86_64.manylinux2014_x86_64.whl", hash = "sha256:f2afc79e0206596868f509485339234e0d4426c0d69e281faa83d50bb8cf962e"},
    {file = "sgp4-2.24-cp312-cp312-win32.whl", hash = "sha256:ecbff0d67496022580c7b6f05794a9db41ee9805d433203093464b4c7fe2991b"},
    {file = "sgp4-2.24-cp312-cp312-win_amd64.whl", hash = "sha256:8b4c526b1fc8571472256de0e808ed72b16b0aeb588498659935eb9c64f4f01b"},
    {file = "sgp4-2.24-cp37-cp37m-macosx_10_9_x86_64.whl", hash = "sha256:e12cbd32396b7bd3611266e823760d34eb76d3e6551ef45cb0e7d184daa4e582"},
    {file = "sgp4-2.24-cp37-cp37m-manylinux_2_5_i686.manylinux1_i686.manylinux_2_17_i686.manylinux2014_i686.whl", hash = "sha256:7b678e799f5a12cd4fd2a383319a0ff6e0a800bf11085b4c4f97aad984809b0a"},
    {file = "sgp4-2.24-cp37-cp37m-manylinux_2_5_x86_64.manylinux1_x86_64.manylinux_2_17_x86_64.manylinux2014_x86_64.whl", hash = "sha256:2765a9529f995160a3682b8111aa3b689fa643cb3ab9dfec47ab7afab0f6a3aa"},
    {file = "sgp4-2.24-cp37-cp37m-win32.whl", hash = "sha256:d15e0b016702cc1c50f789d965c3a45323dc0b6eeb2f658fb4598c925cbb992d"},
    {file = "sgp4-2.24-cp37-cp37m-win_amd64.whl", hash = "sha256:831ff81d63e0224efa9809dbb2e6aaa630a3cf0fad6f147e0196a5b00e4f64a7"},
    {file = "sgp4-2.24-cp38-cp38-macosx_10_9_universal2.whl", hash = "sha256:418efa2b5d797107c4675a6d4f24f10855e11ed93e78d33651b7416564161839"},
    {file = "sgp4-2.24-cp38-cp38-macosx_10_9_x86_64.whl", hash = "sha256:c38070609d4592c96dd6633151ae96ffa93f3e47d715203062c051f0dee7cb87"},
    {file = "sgp4-2.24-cp38-cp38-macosx_11_0_arm64.whl", hash = "sha256:143f5089892bdca1d3683a032504164b7d1771e5f47a433fe014f674c22accab"},
    {file = "sgp4-2.24-cp38-cp38-manylinux_2_5_i686.manylinux1_i686.manylinux_2_17_i686.manylinux2014_i686.whl", hash = "sha256:8c79a0aa347a0eb227f8ab9b0694410f71a4ed44d0facfc2a2a7dd08e48e212c"},
    {file = "sgp4-2.24-cp38-cp38-manylinux_2_5_x86_64.manylinux1_x86_64.manylinux_2_17_x86_64.manylinux2014_x86_64.whl", hash = "sha256:abab42868b1ac61a35a7aa3fdd3ade86684fe9fe89c690450b3c68b759ab0413"},
    {file = "sgp4-2.24-cp38-cp38-win32.whl", hash = "sha256:bac9c606feebeab2c7154b7b8e39a518b9d36359da41d54341eefe0088517322"},
    {file = "sgp4-2.24-cp38-cp38-win_amd64.whl", hash = "sha256:13133253c7e3f0f63472d42176e3387016ea337c36b7bc1b3a3dfc0c236620a1"},
    {file = "sgp4-2.24-cp39-cp39-macosx_10_9_universal2.whl", hash = "sha256:b7b64069011e04ae7ab1d7b39ba60485688e8544bebe795fd1faa5938b0baaff"},
    {file = "sgp4-2.24-cp39-cp39-macosx_10_9_x86_64.whl", hash = "sha256:12c07e8a7ea6eed90bd4353940245adb6afe6de9f8325063fc07766978749d6e"},
    {file = "sgp4-2.24-cp39-cp39-macosx_11_0_arm64.whl", hash = "sha256:7e96c9fbb4025379bb4041497dd58a06d1d12bf7c84ff2faedadfb45a7b7c933"},
    {file = "sgp4-2.24-cp39-cp39-manylinux_2_5_i686.manylinux1_i686.manylinux_2_17_i686.manylinux2014_i686.whl", hash = "sha256:dd5a5ca01cb02c8b0a79d96d3439ac004fe22891abec9b6e08625fdb397c3357"},
    {file = "sgp4-2.24-cp39-cp39-manylinux_2_5_x86_64.manylinux1_x86_64.manylinux_2_17_x86_64.manylinux2014_x86_64.whl", hash = "sha256:4f3c2e777ea5514093ad2799e04470c21f539da07fdfeb067645e0de7ded4888"},
    {file = "sgp4-2.24-cp39-cp39-win32.whl", hash = "sha256:f1063191f808d696ca6aaaf003ec766268a14e77eae253b06479cc2dc5eb09d2"},
    {file = "sgp4-2.24-cp39-cp39-win_amd64.whl", hash = "sha256:b9fdfdffe317943269d11f5194ec819a2ffb5c6cdfc5128a266260266d0fb83f"},
    {file = "sgp4-2.24.tar.gz", hash = "sha256:5655249f276ea23fbdae9e881ab01d82420285b45dc76d0da4f424e3647f8352"},
]

[metadata]
lock-version = "2.0"
python-versions = "^3.8"
content-hash = "f1e2cfddfa1962e773c8f48299a33e9d851845327d62a13e6962ad84eb83fc48"
